
Microsoft Visual Studio Solution File, Format Version 12.00
# Visual Studio 15
VisualStudioVersion = 15.0.28307.421
MinimumVisualStudioVersion = 10.0.40219.1
Project("{FAE04EC0-301F-11D3-BF4B-00C04F79EFBC}") = "TcpMockClient", "TcpMockClient\TcpMockClient.csproj", "{9370066E-15D5-4FCC-87DC-7196AB90E34F}"
EndProject
Global
	GlobalSection(SolutionConfigurationPlatforms) = preSolution
		Debug|Any CPU = Debug|Any CPU
		Release|Any CPU = Release|Any CPU
	EndGlobalSection
	GlobalSection(ProjectConfigurationPlatforms) = postSolution
		{9370066E-15D5-4FCC-87DC-7196AB90E34F}.Debug|Any CPU.ActiveCfg = Debug|Any CPU
		{9370066E-15D5-4FCC-87DC-7196AB90E34F}.Debug|Any CPU.Build.0 = Debug|Any CPU
		{9370066E-15D5-4FCC-87DC-7196AB90E34F}.Release|Any CPU.ActiveCfg = Release|Any CPU
		{9370066E-15D5-4FCC-87DC-7196AB90E34F}.Release|Any CPU.Build.0 = Release|Any CPU
	EndGlobalSection
	GlobalSection(SolutionProperties) = preSolution
		HideSolutionNode = FALSE
	EndGlobalSection
	GlobalSection(ExtensibilityGlobals) = postSolution
		SolutionGuid = {2ECFDED8-0E9A-414B-8DC3-679BFEB8E99D}
	EndGlobalSection
EndGlobal
